
Microsoft Visual Studio Solution File, Format Version 12.00
# Visual Studio Version 16
VisualStudioVersion = 16.0.29613.14
MinimumVisualStudioVersion = 10.0.40219.1
Project("{FAE04EC0-301F-11D3-BF4B-00C04F79EFBC}") = "PMOTestProject", "PMOTestProject.csproj", "{325BDFE6-4F21-4DC1-A9B5-5CEB52AAA09A}"
EndProject
Global
	GlobalSection(SolutionConfigurationPlatforms) = preSolution
		Debug|Any CPU = Debug|Any CPU
		Release|Any CPU = Release|Any CPU
	EndGlobalSection
	GlobalSection(ProjectConfigurationPlatforms) = postSolution
		{325BDFE6-4F21-4DC1-A9B5-5CEB52AAA09A}.Debug|Any CPU.ActiveCfg = Debug|Any CPU
		{325BDFE6-4F21-4DC1-A9B5-5CEB52AAA09A}.Debug|Any CPU.Build.0 = Debug|Any CPU
		{325BDFE6-4F21-4DC1-A9B5-5CEB52AAA09A}.Release|Any CPU.ActiveCfg = Release|Any CPU
		{325BDFE6-4F21-4DC1-A9B5-5CEB52AAA09A}.Release|Any CPU.Build.0 = Release|Any CPU
	EndGlobalSection
	GlobalSection(SolutionProperties) = preSolution
		HideSolutionNode = FALSE
	EndGlobalSection
	GlobalSection(ExtensibilityGlobals) = postSolution
		SolutionGuid = {CF6CC13B-12F0-42E9-BDEE-DF5B1841A071}
	EndGlobalSection
EndGlobal
